
Microsoft Visual Studio Solution File, Format Version 12.00
# Visual Studio Version 16
VisualStudioVersion = 16.0.29920.165
MinimumVisualStudioVersion = 10.0.40219.1
Project("{FAE04EC0-301F-11D3-BF4B-00C04F79EFBC}") = "SHUTDOWN", "SHUTDOWN.csproj", "{1B73B9E1-6CB9-42E8-ACB1-849F7710E00C}"
EndProject
Global
	GlobalSection(SolutionConfigurationPlatforms) = preSolution
		Debug|Any CPU = Debug|Any CPU
		Release|Any CPU = Release|Any CPU
	EndGlobalSection
	GlobalSection(ProjectConfigurationPlatforms) = postSolution
		{1B73B9E1-6CB9-42E8-ACB1-849F7710E00C}.Debug|Any CPU.ActiveCfg = Debug|Any CPU
		{1B73B9E1-6CB9-42E8-ACB1-849F7710E00C}.Debug|Any CPU.Build.0 = Debug|Any CPU
		{1B73B9E1-6CB9-42E8-ACB1-849F7710E00C}.Release|Any CPU.ActiveCfg = Release|Any CPU
		{1B73B9E1-6CB9-42E8-ACB1-849F7710E00C}.Release|Any CPU.Build.0 = Release|Any CPU
	EndGlobalSection
	GlobalSection(SolutionProperties) = preSolution
		HideSolutionNode = FALSE
	EndGlobalSection
	GlobalSection(ExtensibilityGlobals) = postSolution
		SolutionGuid = {04652F3C-2A50-4873-AB65-F14C66690638}
	EndGlobalSection
EndGlobal
